<?xml version="1.0" encoding="utf-8"?>
<Project ToolsVersion="4.0" xmlns="http://schemas.microsoft.com/developer/msbuild/2003">
  <ItemGroup>
    <Filter Include="Source Files">
      <UniqueIdentifier>{4FC737F1-C7A5-4376-A066-2A32D752A2FF}</UniqueIdentifier>
      <Extensions>cpp;c;cc;cxx;def;odl;idl;hpj;bat;asm;asmx</Extensions>
    </Filter>
    <Filter Include="Header Files">
      <UniqueIdentifier>{93995380-89BD-4b04-88EB-625FBE52EBFB}</UniqueIdentifier>
      <Extensions>h;hpp;hxx;hm;inl;inc;xsd</Extensions>
    </Filter>
    <Filter Include="Resource Files">
      <UniqueIdentifier>{67DA6AB6-F800-4c08-8B7A-83BB121AAD01}</UniqueIdentifier>
      <Extensions>rc;ico;cur;bmp;dlg;rc2;rct;bin;rgs;gif;jpg;jpeg;jpe;resx;tiff;tif;png;wav;mfcribbon-ms</Extensions>
    </Filter>
  </ItemGroup>
  <ItemGroup>
    <ClCompile Include="main.cpp">
      <Filter>Source Files</Filter>
    </ClCompile>
    <ClCompile Include="stateManager.cpp">
      <Filter>Source Files</Filter>
    </ClCompile>
    <ClCompile Include="inputSys.cpp">
      <Filter>Source Files</Filter>
    </ClCompile>
    <ClCompile Include="cameraSys.cpp">
      <Filter>Source Files</Filter>
    </ClCompile>
    <ClCompile Include="menuSys.cpp">
      <Filter>Source Files</Filter>
    </ClCompile>
    <ClCompile Include="worldSys.cpp">
      <Filter>Source Files</Filter>
    </ClCompile>
    <ClCompile Include="terrainSys.cpp">
      <Filter>Source Files</Filter>
    </ClCompile>
    <ClCompile Include="renderSys.cpp">
      <Filter>Source Files</Filter>
    </ClCompile>
    <ClCompile Include="perlinNoise.cpp">
      <Filter>Source Files</Filter>
    </ClCompile>
    <ClCompile Include="physicsSys.cpp">
      <Filter>Source Files</Filter>
    </ClCompile>
    <ClCompile Include="entitySys.cpp">
      <Filter>Source Files</Filter>
    </ClCompile>
    <ClCompile Include="controlSys.cpp">
      <Filter>Source Files</Filter>
    </ClCompile>
    <ClCompile Include="physicsCmp.cpp">
      <Filter>Source Files</Filter>
    </ClCompile>
    <ClCompile Include="loadShader.cpp">
      <Filter>Source Files</Filter>
    </ClCompile>
    <ClCompile Include="renderCmp.cpp">
      <Filter>Source Files</Filter>
    </ClCompile>
    <ClCompile Include="inputResponse.cpp">
      <Filter>Source Files</Filter>
    </ClCompile>
    <ClCompile Include="contactSys.cpp">
      <Filter>Source Files</Filter>
    </ClCompile>
  </ItemGroup>
  <ItemGroup>
    <ClInclude Include="stateManager.h">
      <Filter>Header Files</Filter>
    </ClInclude>
    <ClInclude Include="typedefs.h">
      <Filter>Header Files</Filter>
    </ClInclude>
    <ClInclude Include="worldSys.h">
      <Filter>Header Files</Filter>
    </ClInclude>
    <ClInclude Include="menuSys.h">
      <Filter>Header Files</Filter>
    </ClInclude>
    <ClInclude Include="inputSys.h">
      <Filter>Header Files</Filter>
    </ClInclude>
    <ClInclude Include="renderSys.h">
      <Filter>Header Files</Filter>
    </ClInclude>
    <ClInclude Include="cameraSys.h">
      <Filter>Header Files</Filter>
    </ClInclude>
    <ClInclude Include="terrainSys.h">
      <Filter>Header Files</Filter>
    </ClInclude>
    <ClInclude Include="perlinNoise.h">
      <Filter>Header Files</Filter>
    </ClInclude>
    <ClInclude Include="physicsSys.h">
      <Filter>Header Files</Filter>
    </ClInclude>
    <ClInclude Include="entitySys.h">
      <Filter>Header Files</Filter>
    </ClInclude>
    <ClInclude Include="lookupTable.h">
      <Filter>Header Files</Filter>
    </ClInclude>
    <ClInclude Include="lookupID.h">
      <Filter>Header Files</Filter>
    </ClInclude>
    <ClInclude Include="physicsCmp.h">
      <Filter>Header Files</Filter>
    </ClInclude>
    <ClInclude Include="controlSys.h">
      <Filter>Header Files</Filter>
    </ClInclude>
    <ClInclude Include="loadShader.h">
      <Filter>Header Files</Filter>
    </ClInclude>
    <ClInclude Include="renderCmp.h">
      <Filter>Header Files</Filter>
    </ClInclude>
    <ClInclude Include="inputResponse.h">
      <Filter>Header Files</Filter>
    </ClInclude>
    <ClInclude Include="contactSys.h">
      <Filter>Header Files</Filter>
    </ClInclude>
  </ItemGroup>
</Project>